// !$*UTF8*$!
{
	archiveVersion = 1;
	classes = {
	};
	objectVersion = 55;
	objects = {

/* Begin PBXBuildFile section */
		BB1B71D2271333DE002AFA46 /* AppDelegate.swift in Sources */ = {isa = PBXBuildFile; fileRef = BB1B71D1271333DE002AFA46 /* AppDelegate.swift */; };
		BB1B71D4271333DE002AFA46 /* SceneDelegate.swift in Sources */ = {isa = PBXBuildFile; fileRef = BB1B71D3271333DE002AFA46 /* SceneDelegate.swift */; };
		BB1B71D6271333DE002AFA46 /* ViewController.swift in Sources */ = {isa = PBXBuildFile; fileRef = BB1B71D5271333DE002AFA46 /* ViewController.swift */; };
		BB1B71D9271333DE002AFA46 /* Main.storyboard in Resources */ = {isa = PBXBuildFile; fileRef = BB1B71D7271333DE002AFA46 /* Main.storyboard */; };
		BB1B71DC271333DE002AFA46 /* TF_iOS_Login_Yago.xcdatamodeld in Sources */ = {isa = PBXBuildFile; fileRef = BB1B71DA271333DE002AFA46 /* TF_iOS_Login_Yago.xcdatamodeld */; };
		BB1B71DE271333DF002AFA46 /* Assets.xcassets in Resources */ = {isa = PBXBuildFile; fileRef = BB1B71DD271333DF002AFA46 /* Assets.xcassets */; };
		BB1B71E1271333DF002AFA46 /* LaunchScreen.storyboard in Resources */ = {isa = PBXBuildFile; fileRef = BB1B71DF271333DF002AFA46 /* LaunchScreen.storyboard */; };
		BB1B71ED27135FF7002AFA46 /* HomeViewController.swift in Sources */ = {isa = PBXBuildFile; fileRef = BB1B71EC27135FF7002AFA46 /* HomeViewController.swift */; };
/* End PBXBuildFile section */

/* Begin PBXFileReference section */
		BB1B71CE271333DE002AFA46 /* TF_iOS_Login_Yago.app */ = {isa = PBXFileReference; explicitFileType = wrapper.application; includeInIndex = 0; path = TF_iOS_Login_Yago.app; sourceTree = BUILT_PRODUCTS_DIR; };
		BB1B71D1271333DE002AFA46 /* AppDelegate.swift */ = {isa = PBXFileReference; lastKnownFileType = sourcecode.swift; path = AppDelegate.swift; sourceTree = "<group>"; };
		BB1B71D3271333DE002AFA46 /* SceneDelegate.swift */ = {isa = PBXFileReference; lastKnownFileType = sourcecode.swift; path = SceneDelegate.swift; sourceTree = "<group>"; };
		BB1B71D5271333DE002AFA46 /* ViewController.swift */ = {isa = PBXFileReference; lastKnownFileType = sourcecode.swift; path = ViewController.swift; sourceTree = "<group>"; };
		BB1B71D8271333DE002AFA46 /* Base */ = {isa = PBXFileReference; lastKnownFileType = file.storyboard; name = Base; path = Base.lproj/Main.storyboard; sourceTree = "<group>"; };
		BB1B71DB271333DE002AFA46 /* TF_iOS_Login_Yago.xcdatamodel */ = {isa = PBXFileReference; lastKnownFileType = wrapper.xcdatamodel; path = TF_iOS_Login_Yago.xcdatamodel; sourceTree = "<group>"; };
		BB1B71DD271333DF002AFA46 /* Assets.xcassets */ = {isa = PBXFileReference; lastKnownFileType = folder.assetcatalog; path = Assets.xcassets; sourceTree = "<group>"; };
		BB1B71E0271333DF002AFA46 /* Base */ = {isa = PBXFileReference; lastKnownFileType = file.storyboard; name = Base; path = Base.lproj/LaunchScreen.storyboard; sourceTree = "<group>"; };
		BB1B71E2271333DF002AFA46 /* Info.plist */ = {isa = PBXFileReference; lastKnownFileType = text.plist.xml; path = Info.plist; sourceTree = "<group>"; };
		BB1B71EC27135FF7002AFA46 /* HomeViewController.swift */ = {isa = PBXFileReference; lastKnownFileType = sourcecode.swift; path = HomeViewController.swift; sourceTree = "<group>"; };
/* End PBXFileReference section */

/* Begin PBXFrameworksBuildPhase section */
		BB1B71CB271333DD002AFA46 /* Frameworks */ = {
			isa = PBXFrameworksBuildPhase;
			buildActionMask = 2147483647;
			files = (
			);
			runOnlyForDeploymentPostprocessing = 0;
		};
/* End PBXFrameworksBuildPhase section */

/* Begin PBXGroup section */
		BB1B71C5271333DD002AFA46 = {
			isa = PBXGroup;
			children = (
				BB1B71D0271333DE002AFA46 /* TF_iOS_Login_Yago */,
				BB1B71CF271333DE002AFA46 /* Products */,
			);
			sourceTree = "<group>";
		};
		BB1B71CF271333DE002AFA46 /* Products */ = {
			isa = PBXGroup;
			children = (
				BB1B71CE271333DE002AFA46 /* TF_iOS_Login_Yago.app */,
			);
			name = Products;
			sourceTree = "<group>";
		};
		BB1B71D0271333DE002AFA46 /* TF_iOS_Login_Yago */ = {
			isa = PBXGroup;
			children = (
				BB1B71E82713363B002AFA46 /* App */,
				BB1B71EA271336C9002AFA46 /* Login */,
				BB1B71EB27135E37002AFA46 /* Home */,
				BB1B71E92713368D002AFA46 /* Resources */,
				BB1B71E2271333DF002AFA46 /* Info.plist */,
				BB1B71DA271333DE002AFA46 /* TF_iOS_Login_Yago.xcdatamodeld */,
			);
			path = TF_iOS_Login_Yago;
			sourceTree = "<group>";
		};
		BB1B71E82713363B002AFA46 /* App */ = {
			isa = PBXGroup;
			children = (
				BB1B71D1271333DE002AFA46 /* AppDelegate.swift */,
				BB1B71D3271333DE002AFA46 /* SceneDelegate.swift */,
			);
			path = App;
			sourceTree = "<group>";
		};
		BB1B71E92713368D002AFA46 /* Resources */ = {
			isa = PBXGroup;
			children = (
				BB1B71DD271333DF002AFA46 /* Assets.xcassets */,
				BB1B71D7271333DE002AFA46 /* Main.storyboard */,
				BB1B71DF271333DF002AFA46 /* LaunchScreen.storyboard */,
			);
			path = Resources;
			sourceTree = "<group>";
		};
		BB1B71EA271336C9002AFA46 /* Login */ = {
			isa = PBXGroup;
			children = (
				BB1B71D5271333DE002AFA46 /* ViewController.swift */,
			);
			path = Login;
			sourceTree = "<group>";
		};
		BB1B71EB27135E37002AFA46 /* Home */ = {
			isa = PBXGroup;
			children = (
				BB1B71EC27135FF7002AFA46 /* HomeViewController.swift */,
			);
			path = Home;
			sourceTree = "<group>";
		};
/* End PBXGroup section */

/* Begin PBXNativeTarget section */
		BB1B71CD271333DD002AFA46 /* TF_iOS_Login_Yago */ = {
			isa = PBXNativeTarget;
			buildConfigurationList = BB1B71E5271333DF002AFA46 /* Build configuration list for PBXNativeTarget "TF_iOS_Login_Yago" */;
			buildPhases = (
				BB1B71CA271333DD002AFA46 /* Sources */,
				BB1B71CB271333DD002AFA46 /* Frameworks */,
				BB1B71CC271333DD002AFA46 /* Resources */,
			);
			buildRules = (
			);
			dependencies = (
			);
			name = TF_iOS_Login_Yago;
			productName = TF_iOS_Login_Yago;
			productReference = BB1B71CE271333DE002AFA46 /* TF_iOS_Login_Yago.app */;
			productType = "com.apple.product-type.application";
		};
/* End PBXNativeTarget section */

/* Begin PBXProject section */
		BB1B71C6271333DD002AFA46 /* Project object */ = {
			isa = PBXProject;
			attributes = {
				BuildIndependentTargetsInParallel = 1;
				LastSwiftUpdateCheck = 1300;
				LastUpgradeCheck = 1300;
				TargetAttributes = {
					BB1B71CD271333DD002AFA46 = {
						CreatedOnToolsVersion = 13.0;
					};
				};
			};
			buildConfigurationList = BB1B71C9271333DD002AFA46 /* Build configuration list for PBXProject "TF_iOS_Login_Yago" */;
			compatibilityVersion = "Xcode 13.0";
			developmentRegion = en;
			hasScannedForEncodings = 0;
			knownRegions = (
				en,
				Base,
			);
			mainGroup = BB1B71C5271333DD002AFA46;
			productRefGroup = BB1B71CF271333DE002AFA46 /* Products */;
			projectDirPath = "";
			projectRoot = "";
			targets = (
				BB1B71CD271333DD002AFA46 /* TF_iOS_Login_Yago */,
			);
		};
/* End PBXProject section */

/* Begin PBXResourcesBuildPhase section */
		BB1B71CC271333DD002AFA46 /* Resources */ = {
			isa = PBXResourcesBuildPhase;
			buildActionMask = 2147483647;
			files = (
				BB1B71E1271333DF002AFA46 /* LaunchScreen.storyboard in Resources */,
				BB1B71DE271333DF002AFA46 /* Assets.xcassets in Resources */,
				BB1B71D9271333DE002AFA46 /* Main.storyboard in Resources */,
			);
			runOnlyForDeploymentPostprocessing = 0;
		};
/* End PBXResourcesBuildPhase section */

/* Begin PBXSourcesBuildPhase section */
		BB1B71CA271333DD002AFA46 /* Sources */ = {
			isa = PBXSourcesBuildPhase;
			buildActionMask = 2147483647;
			files = (
				BB1B71ED27135FF7002AFA46 /* HomeViewController.swift in Sources */,
				BB1B71D6271333DE002AFA46 /* ViewController.swift in Sources */,
				BB1B71DC271333DE002AFA46 /* TF_iOS_Login_Yago.xcdatamodeld in Sources */,
				BB1B71D2271333DE002AFA46 /* AppDelegate.swift in Sources */,
				BB1B71D4271333DE002AFA46 /* SceneDelegate.swift in Sources */,
			);
			runOnlyForDeploymentPostprocessing = 0;
		};
/* End PBXSourcesBuildPhase section */

/* Begin PBXVariantGroup section */
		BB1B71D7271333DE002AFA46 /* Main.storyboard */ = {
			isa = PBXVariantGroup;
			children = (
				BB1B71D8271333DE002AFA46 /* Base */,
			);
			name = Main.storyboard;
			sourceTree = "<group>";
		};
		BB1B71DF271333DF002AFA46 /* LaunchScreen.storyboard */ = {
			isa = PBXVariantGroup;
			children = (
				BB1B71E0271333DF002AFA46 /* Base */,
			);
			name = LaunchScreen.storyboard;
			sourceTree = "<group>";
		};
/* End PBXVariantGroup section */

/* Begin XCBuildConfiguration section */
		BB1B71E3271333DF002AFA46 /* Debug */ = {
			isa = XCBuildConfiguration;
			buildSettings = {
				ALWAYS_SEARCH_USER_PATHS = NO;
				CLANG_ANALYZER_NONNULL = YES;
				CLANG_ANALYZER_NUMBER_OBJECT_CONVERSION = YES_AGGRESSIVE;
				CLANG_CXX_LANGUAGE_STANDARD = "gnu++17";
				CLANG_CXX_LIBRARY = "libc++";
				CLANG_ENABLE_MODULES = YES;
				CLANG_ENABLE_OBJC_ARC = YES;
				CLANG_ENABLE_OBJC_WEAK = YES;
				CLANG_WARN_BLOCK_CAPTURE_AUTORELEASING = YES;
				CLANG_WARN_BOOL_CONVERSION = YES;
				CLANG_WARN_COMMA = YES;
				CLANG_WARN_CONSTANT_CONVERSION = YES;
				CLANG_WARN_DEPRECATED_OBJC_IMPLEMENTATIONS = YES;
				CLANG_WARN_DIRECT_OBJC_ISA_USAGE = YES_ERROR;
				CLANG_WARN_DOCUMENTATION_COMMENTS = YES;
				CLANG_WARN_EMPTY_BODY = YES;
				CLANG_WARN_ENUM_CONVERSION = YES;
				CLANG_WARN_INFINITE_RECURSION = YES;
				CLANG_WARN_INT_CONVERSION = YES;
				CLANG_WARN_NON_LITERAL_NULL_CONVERSION = YES;
				CLANG_WARN_OBJC_IMPLICIT_RETAIN_SELF = YES;
				CLANG_WARN_OBJC_LITERAL_CONVERSION = YES;
				CLANG_WARN_OBJC_ROOT_CLASS = YES_ERROR;
				CLANG_WARN_QUOTED_INCLUDE_IN_FRAMEWORK_HEADER = YES;
				CLANG_WARN_RANGE_LOOP_ANALYSIS = YES;
				CLANG_WARN_STRICT_PROTOTYPES = YES;
				CLANG_WARN_SUSPICIOUS_MOVE = YES;
				CLANG_WARN_UNGUARDED_AVAILABILITY = YES_AGGRESSIVE;
				CLANG_WARN_UNREACHABLE_CODE = YES;
				CLANG_WARN__DUPLICATE_METHOD_MATCH = YES;
				COPY_PHASE_STRIP = NO;
				DEBUG_INFORMATION_FORMAT = dwarf;
				ENABLE_STRICT_OBJC_MSGSEND = YES;
				ENABLE_TESTABILITY = YES;
				GCC_C_LANGUAGE_STANDARD = gnu11;
				GCC_DYNAMIC_NO_PIC = NO;
				GCC_NO_COMMON_BLOCKS = YES;
				GCC_OPTIMIZATION_LEVEL = 0;
				GCC_PREPROCESSOR_DEFINITIONS = (
					"DEBUG=1",
					"$(inherited)",
				);
				GCC_WARN_64_TO_32_BIT_CONVERSION = YES;
				GCC_WARN_ABOUT_RETURN_TYPE = YES_ERROR;
				GCC_WARN_UNDECLARED_SELECTOR = YES;
				GCC_WARN_UNINITIALIZED_AUTOS = YES_AGGRESSIVE;
				GCC_WARN_UNUSED_FUNCTION = YES;
				GCC_WARN_UNUSED_VARIABLE = YES;
				IPHONEOS_DEPLOYMENT_TARGET = 15.0;
				MTL_ENABLE_DEBUG_INFO = INCLUDE_SOURCE;
				MTL_FAST_MATH = YES;
				ONLY_ACTIVE_ARCH = YES;
				SDKROOT = iphoneos;
				SWIFT_ACTIVE_COMPILATION_CONDITIONS = DEBUG;
				SWIFT_OPTIMIZATION_LEVEL = "-Onone";
			};
			name = Debug;
		};
		BB1B71E4271333DF002AFA46 /* Release */ = {
			isa = XCBuildConfiguration;
			buildSettings = {
				ALWAYS_SEARCH_USER_PATHS = NO;
				CLANG_ANALYZER_NONNULL = YES;
				CLANG_ANALYZER_NUMBER_OBJECT_CONVERSION = YES_AGGRESSIVE;
				CLANG_CXX_LANGUAGE_STANDARD = "gnu++17";
				CLANG_CXX_LIBRARY = "libc++";
				CLANG_ENABLE_MODULES = YES;
				CLANG_ENABLE_OBJC_ARC = YES;
				CLANG_ENABLE_OBJC_WEAK = YES;
				CLANG_WARN_BLOCK_CAPTURE_AUTORELEASING = YES;
				CLANG_WARN_BOOL_CONVERSION = YES;
				CLANG_WARN_COMMA = YES;
				CLANG_WARN_CONSTANT_CONVERSION = YES;
				CLANG_WARN_DEPRECATED_OBJC_IMPLEMENTATIONS = YES;
				CLANG_WARN_DIRECT_OBJC_ISA_USAGE = YES_ERROR;
				CLANG_WARN_DOCUMENTATION_COMMENTS = YES;
				CLANG_WARN_EMPTY_BODY = YES;
				CLANG_WARN_ENUM_CONVERSION = YES;
				CLANG_WARN_INFINITE_RECURSION = YES;
				CLANG_WARN_INT_CONVERSION = YES;
				CLANG_WARN_NON_LITERAL_NULL_CONVERSION = YES;
				CLANG_WARN_OBJC_IMPLICIT_RETAIN_SELF = YES;
				CLANG_WARN_OBJC_LITERAL_CONVERSION = YES;
				CLANG_WARN_OBJC_ROOT_CLASS = YES_ERROR;
				CLANG_WARN_QUOTED_INCLUDE_IN_FRAMEWORK_HEADER = YES;
				CLANG_WARN_RANGE_LOOP_ANALYSIS = YES;
				CLANG_WARN_STRICT_PROTOTYPES = YES;
				CLANG_WARN_SUSPICIOUS_MOVE = YES;
				CLANG_WARN_UNGUARDED_AVAILABILITY = YES_AGGRESSIVE;
				CLANG_WARN_UNREACHABLE_CODE = YES;
				CLANG_WARN__DUPLICATE_METHOD_MATCH = YES;
				COPY_PHASE_STRIP = NO;
				DEBUG_INFORMATION_FORMAT = "dwarf-with-dsym";
				ENABLE_NS_ASSERTIONS = NO;
				ENABLE_STRICT_OBJC_MSGSEND = YES;
				GCC_C_LANGUAGE_STANDARD = gnu11;
				GCC_NO_COMMON_BLOCKS = YES;
				GCC_WARN_64_TO_32_BIT_CONVERSION = YES;
				GCC_WARN_ABOUT_RETURN_TYPE = YES_ERROR;
				GCC_WARN_UNDECLARED_SELECTOR = YES;
				GCC_WARN_UNINITIALIZED_AUTOS = YES_AGGRESSIVE;
				GCC_WARN_UNUSED_FUNCTION = YES;
				GCC_WARN_UNUSED_VARIABLE = YES;
				IPHONEOS_DEPLOYMENT_TARGET = 15.0;
				MTL_ENABLE_DEBUG_INFO = NO;
				MTL_FAST_MATH = YES;
				SDKROOT = iphoneos;
				SWIFT_COMPILATION_MODE = wholemodule;
				SWIFT_OPTIMIZATION_LEVEL = "-O";
				VALIDATE_PRODUCT = YES;
			};
			name = Release;
		};
		BB1B71E6271333DF002AFA46 /* Debug */ = {
			isa = XCBuildConfiguration;
			buildSettings = {
				ASSETCATALOG_COMPILER_APPICON_NAME = AppIcon;
				ASSETCATALOG_COMPILER_GLOBAL_ACCENT_COLOR_NAME = AccentColor;
				CODE_SIGN_STYLE = Automatic;
				CURRENT_PROJECT_VERSION = 1;
				GENERATE_INFOPLIST_FILE = YES;
				INFOPLIST_FILE = TF_iOS_Login_Yago/Info.plist;
				INFOPLIST_KEY_UIApplicationSupportsIndirectInputEvents = YES;
				INFOPLIST_KEY_UILaunchStoryboardName = LaunchScreen;
				INFOPLIST_KEY_UIMainStoryboardFile = Main;
				INFOPLIST_KEY_UISupportedInterfaceOrientations_iPad = "UIInterfaceOrientationPortrait UIInterfaceOrientationPortraitUpsideDown UIInterfaceOrientationLandscapeLeft UIInterfaceOrientationLandscapeRight";
				INFOPLIST_KEY_UISupportedInterfaceOrientations_iPhone = "UIInterfaceOrientationPortrait UIInterfaceOrientationLandscapeLeft UIInterfaceOrientationLandscapeRight";
				LD_RUNPATH_SEARCH_PATHS = (
					"$(inherited)",
					"@executable_path/Frameworks",
				);
				MARKETING_VERSION = 1.0;
				PRODUCT_BUNDLE_IDENTIFIER = "com.yagon2395.br.TF-iOS-Login-Yago";
				PRODUCT_NAME = "$(TARGET_NAME)";
				SWIFT_EMIT_LOC_STRINGS = YES;
				SWIFT_VERSION = 5.0;
				TARGETED_DEVICE_FAMILY = 1;
			};
			name = Debug;
		};
		BB1B71E7271333DF002AFA46 /* Release */ = {
			isa = XCBuildConfiguration;
			buildSettings = {
				ASSETCATALOG_COMPILER_APPICON_NAME = AppIcon;
				ASSETCATALOG_COMPILER_GLOBAL_ACCENT_COLOR_NAME = AccentColor;
				CODE_SIGN_STYLE = Automatic;
				CURRENT_PROJECT_VERSION = 1;
				GENERATE_INFOPLIST_FILE = YES;
				INFOPLIST_FILE = TF_iOS_Login_Yago/Info.plist;
				INFOPLIST_KEY_UIApplicationSupportsIndirectInputEvents = YES;
				INFOPLIST_KEY_UILaunchStoryboardName = LaunchScreen;
				INFOPLIST_KEY_UIMainStoryboardFile = Main;
				INFOPLIST_KEY_UISupportedInterfaceOrientations_iPad = "UIInterfaceOrientationPortrait UIInterfaceOrientationPortraitUpsideDown UIInterfaceOrientationLandscapeLeft UIInterfaceOrientationLandscapeRight";
				INFOPLIST_KEY_UISupportedInterfaceOrientations_iPhone = "UIInterfaceOrientationPortrait UIInterfaceOrientationLandscapeLeft UIInterfaceOrientationLandscapeRight";
				LD_RUNPATH_SEARCH_PATHS = (
					"$(inherited)",
					"@executable_path/Frameworks",
				);
				MARKETING_VERSION = 1.0;
				PRODUCT_BUNDLE_IDENTIFIER = "com.yagon2395.br.TF-iOS-Login-Yago";
				PRODUCT_NAME = "$(TARGET_NAME)";
				SWIFT_EMIT_LOC_STRINGS = YES;
				SWIFT_VERSION = 5.0;
				TARGETED_DEVICE_FAMILY = 1;
			};
			name = Release;
		};
/* End XCBuildConfiguration section */

/* Begin XCConfigurationList section */
		BB1B71C9271333DD002AFA46 /* Build configuration list for PBXProject "TF_iOS_Login_Yago" */ = {
			isa = XCConfigurationList;
			buildConfigurations = (
				BB1B71E3271333DF002AFA46 /* Debug */,
				BB1B71E4271333DF002AFA46 /* Release */,
			);
			defaultConfigurationIsVisible = 0;
			defaultConfigurationName = Release;
		};
		BB1B71E5271333DF002AFA46 /* Build configuration list for PBXNativeTarget "TF_iOS_Login_Yago" */ = {
			isa = XCConfigurationList;
			buildConfigurations = (
				BB1B71E6271333DF002AFA46 /* Debug */,
				BB1B71E7271333DF002AFA46 /* Release */,
			);
			defaultConfigurationIsVisible = 0;
			defaultConfigurationName = Release;
		};
/* End XCConfigurationList section */

/* Begin XCVersionGroup section */
		BB1B71DA271333DE002AFA46 /* TF_iOS_Login_Yago.xcdatamodeld */ = {
			isa = XCVersionGroup;
			children = (
				BB1B71DB271333DE002AFA46 /* TF_iOS_Login_Yago.xcdatamodel */,
			);
			currentVersion = BB1B71DB271333DE002AFA46 /* TF_iOS_Login_Yago.xcdatamodel */;
			path = TF_iOS_Login_Yago.xcdatamodeld;
			sourceTree = "<group>";
			versionGroupType = wrapper.xcdatamodel;
		};
/* End XCVersionGroup section */
	};
	rootObject = BB1B71C6271333DD002AFA46 /* Project object */;
}
